
Microsoft Visual Studio Solution File, Format Version 12.00
# Visual Studio Version 17
VisualStudioVersion = 17.6.33723.286
MinimumVisualStudioVersion = 10.0.40219.1
Project("{FAE04EC0-301F-11D3-BF4B-00C04F79EFBC}") = "Amortization-Table", "Amortization-Table.csproj", "{67112C30-8A27-47B4-9FD5-CE669DC3885A}"
EndProject
Global
	GlobalSection(SolutionConfigurationPlatforms) = preSolution
		Debug|Any CPU = Debug|Any CPU
		Release|Any CPU = Release|Any CPU
	EndGlobalSection
	GlobalSection(ProjectConfigurationPlatforms) = postSolution
		{67112C30-8A27-47B4-9FD5-CE669DC3885A}.Debug|Any CPU.ActiveCfg = Debug|Any CPU
		{67112C30-8A27-47B4-9FD5-CE669DC3885A}.Debug|Any CPU.Build.0 = Debug|Any CPU
		{67112C30-8A27-47B4-9FD5-CE669DC3885A}.Release|Any CPU.ActiveCfg = Release|Any CPU
		{67112C30-8A27-47B4-9FD5-CE669DC3885A}.Release|Any CPU.Build.0 = Release|Any CPU
	EndGlobalSection
	GlobalSection(SolutionProperties) = preSolution
		HideSolutionNode = FALSE
	EndGlobalSection
	GlobalSection(ExtensibilityGlobals) = postSolution
		SolutionGuid = {EEA88E41-142F-4944-A541-717FA67669E1}
	EndGlobalSection
EndGlobal
